
Microsoft Visual Studio Solution File, Format Version 12.00
# Visual Studio Version 16
VisualStudioVersion = 16.0.31613.86
MinimumVisualStudioVersion = 10.0.40219.1
Project("{FAE04EC0-301F-11D3-BF4B-00C04F79EFBC}") = "DIO.Series", "DIO.Series.csproj", "{DF913D39-8B0F-4669-9E20-B9445F5BF401}"
EndProject
Global
	GlobalSection(SolutionConfigurationPlatforms) = preSolution
		Debug|Any CPU = Debug|Any CPU
		Release|Any CPU = Release|Any CPU
	EndGlobalSection
	GlobalSection(ProjectConfigurationPlatforms) = postSolution
		{DF913D39-8B0F-4669-9E20-B9445F5BF401}.Debug|Any CPU.ActiveCfg = Debug|Any CPU
		{DF913D39-8B0F-4669-9E20-B9445F5BF401}.Debug|Any CPU.Build.0 = Debug|Any CPU
		{DF913D39-8B0F-4669-9E20-B9445F5BF401}.Release|Any CPU.ActiveCfg = Release|Any CPU
		{DF913D39-8B0F-4669-9E20-B9445F5BF401}.Release|Any CPU.Build.0 = Release|Any CPU
	EndGlobalSection
	GlobalSection(SolutionProperties) = preSolution
		HideSolutionNode = FALSE
	EndGlobalSection
	GlobalSection(ExtensibilityGlobals) = postSolution
		SolutionGuid = {99CF7A79-14BB-4580-AE28-9799F3F28E0F}
	EndGlobalSection
EndGlobal
